// !$*UTF8*$!
{
	archiveVersion = 1;
	classes = {
	};
	objectVersion = 46;
	objects = {

/* Begin PBXBuildFile section */
		625F00681D9B678B00F55965 /* AppDelegate.swift in Sources */ = {isa = PBXBuildFile; fileRef = 625F00671D9B678B00F55965 /* AppDelegate.swift */; };
		625F006A1D9B678B00F55965 /* ViewController.swift in Sources */ = {isa = PBXBuildFile; fileRef = 625F00691D9B678B00F55965 /* ViewController.swift */; };
		625F006D1D9B678B00F55965 /* Main.storyboard in Resources */ = {isa = PBXBuildFile; fileRef = 625F006B1D9B678B00F55965 /* Main.storyboard */; };
		625F006F1D9B678B00F55965 /* Assets.xcassets in Resources */ = {isa = PBXBuildFile; fileRef = 625F006E1D9B678B00F55965 /* Assets.xcassets */; };
		625F00721D9B678B00F55965 /* LaunchScreen.storyboard in Resources */ = {isa = PBXBuildFile; fileRef = 625F00701D9B678B00F55965 /* LaunchScreen.storyboard */; };
		625F00771D9B678B00F55965 /* TareaRutaFinal WatchKit App.app in Embed Watch Content */ = {isa = PBXBuildFile; fileRef = 625F00761D9B678B00F55965 /* TareaRutaFinal WatchKit App.app */; };
		625F007D1D9B678B00F55965 /* Interface.storyboard in Resources */ = {isa = PBXBuildFile; fileRef = 625F007B1D9B678B00F55965 /* Interface.storyboard */; };
		625F007F1D9B678B00F55965 /* Assets.xcassets in Resources */ = {isa = PBXBuildFile; fileRef = 625F007E1D9B678B00F55965 /* Assets.xcassets */; };
		625F00861D9B678B00F55965 /* TareaRutaFinal WatchKit Extension.appex in Embed App Extensions */ = {isa = PBXBuildFile; fileRef = 625F00851D9B678B00F55965 /* TareaRutaFinal WatchKit Extension.appex */; settings = {ATTRIBUTES = (RemoveHeadersOnCopy, ); }; };
		625F008D1D9B678B00F55965 /* InterfaceController.swift in Sources */ = {isa = PBXBuildFile; fileRef = 625F008C1D9B678B00F55965 /* InterfaceController.swift */; };
		625F008F1D9B678B00F55965 /* ExtensionDelegate.swift in Sources */ = {isa = PBXBuildFile; fileRef = 625F008E1D9B678B00F55965 /* ExtensionDelegate.swift */; };
		625F00911D9B678B00F55965 /* NotificationController.swift in Sources */ = {isa = PBXBuildFile; fileRef = 625F00901D9B678B00F55965 /* NotificationController.swift */; };
		625F00931D9B678B00F55965 /* Assets.xcassets in Resources */ = {isa = PBXBuildFile; fileRef = 625F00921D9B678B00F55965 /* Assets.xcassets */; };
		625F00A31D9B72E000F55965 /* QRViewController.swift in Sources */ = {isa = PBXBuildFile; fileRef = 625F00A21D9B72E000F55965 /* QRViewController.swift */; };
		625F00A51D9B737100F55965 /* RutasViewController.swift in Sources */ = {isa = PBXBuildFile; fileRef = 625F00A41D9B737100F55965 /* RutasViewController.swift */; };
		625F00A71D9B783200F55965 /* WebViewController.swift in Sources */ = {isa = PBXBuildFile; fileRef = 625F00A61D9B783200F55965 /* WebViewController.swift */; };
		626C594C1DA0AC5E00FABD47 /* MapaViewController.swift in Sources */ = {isa = PBXBuildFile; fileRef = 626C594B1DA0AC5E00FABD47 /* MapaViewController.swift */; };
		627AB8701E1211CD006DABEF /* FotoViewController.swift in Sources */ = {isa = PBXBuildFile; fileRef = 627AB86F1E1211CD006DABEF /* FotoViewController.swift */; };
/* End PBXBuildFile section */

/* Begin PBXContainerItemProxy section */
		625F00781D9B678B00F55965 /* PBXContainerItemProxy */ = {
			isa = PBXContainerItemProxy;
			containerPortal = 625F005C1D9B678A00F55965 /* Project object */;
			proxyType = 1;
			remoteGlobalIDString = 625F00751D9B678B00F55965;
			remoteInfo = "TareaRutaFinal WatchKit App";
		};
		625F00871D9B678B00F55965 /* PBXContainerItemProxy */ = {
			isa = PBXContainerItemProxy;
			containerPortal = 625F005C1D9B678A00F55965 /* Project object */;
			proxyType = 1;
			remoteGlobalIDString = 625F00841D9B678B00F55965;
			remoteInfo = "TareaRutaFinal WatchKit Extension";
		};
/* End PBXContainerItemProxy section */

/* Begin PBXCopyFilesBuildPhase section */
		625F009A1D9B678B00F55965 /* Embed App Extensions */ = {
			isa = PBXCopyFilesBuildPhase;
			buildActionMask = 2147483647;
			dstPath = "";
			dstSubfolderSpec = 13;
			files = (
				625F00861D9B678B00F55965 /* TareaRutaFinal WatchKit Extension.appex in Embed App Extensions */,
			);
			name = "Embed App Extensions";
			runOnlyForDeploymentPostprocessing = 0;
		};
		625F009E1D9B678B00F55965 /* Embed Watch Content */ = {
			isa = PBXCopyFilesBuildPhase;
			buildActionMask = 2147483647;
			dstPath = "$(CONTENTS_FOLDER_PATH)/Watch";
			dstSubfolderSpec = 16;
			files = (
				625F00771D9B678B00F55965 /* TareaRutaFinal WatchKit App.app in Embed Watch Content */,
			);
			name = "Embed Watch Content";
			runOnlyForDeploymentPostprocessing = 0;
		};
/* End PBXCopyFilesBuildPhase section */

/* Begin PBXFileReference section */
		625F00641D9B678B00F55965 /* TareaRutaFinal.app */ = {isa = PBXFileReference; explicitFileType = wrapper.application; includeInIndex = 0; path = TareaRutaFinal.app; sourceTree = BUILT_PRODUCTS_DIR; };
		625F00671D9B678B00F55965 /* AppDelegate.swift */ = {isa = PBXFileReference; lastKnownFileType = sourcecode.swift; path = AppDelegate.swift; sourceTree = "<group>"; };
		625F00691D9B678B00F55965 /* ViewController.swift */ = {isa = PBXFileReference; lastKnownFileType = sourcecode.swift; path = ViewController.swift; sourceTree = "<group>"; };
		625F006C1D9B678B00F55965 /* Base */ = {isa = PBXFileReference; lastKnownFileType = file.storyboard; name = Base; path = Base.lproj/Main.storyboard; sourceTree = "<group>"; };
		625F006E1D9B678B00F55965 /* Assets.xcassets */ = {isa = PBXFileReference; lastKnownFileType = folder.assetcatalog; path = Assets.xcassets; sourceTree = "<group>"; };
		625F00711D9B678B00F55965 /* Base */ = {isa = PBXFileReference; lastKnownFileType = file.storyboard; name = Base; path = Base.lproj/LaunchScreen.storyboard; sourceTree = "<group>"; };
		625F00731D9B678B00F55965 /* Info.plist */ = {isa = PBXFileReference; lastKnownFileType = text.plist.xml; path = Info.plist; sourceTree = "<group>"; };
		625F00761D9B678B00F55965 /* TareaRutaFinal WatchKit App.app */ = {isa = PBXFileReference; explicitFileType = wrapper.application; includeInIndex = 0; path = "TareaRutaFinal WatchKit App.app"; sourceTree = BUILT_PRODUCTS_DIR; };
		625F007C1D9B678B00F55965 /* Base */ = {isa = PBXFileReference; lastKnownFileType = file.storyboard; name = Base; path = Base.lproj/Interface.storyboard; sourceTree = "<group>"; };
		625F007E1D9B678B00F55965 /* Assets.xcassets */ = {isa = PBXFileReference; lastKnownFileType = folder.assetcatalog; path = Assets.xcassets; sourceTree = "<group>"; };
		625F00801D9B678B00F55965 /* Info.plist */ = {isa = PBXFileReference; lastKnownFileType = text.plist.xml; path = Info.plist; sourceTree = "<group>"; };
		625F00851D9B678B00F55965 /* TareaRutaFinal WatchKit Extension.appex */ = {isa = PBXFileReference; explicitFileType = "wrapper.app-extension"; includeInIndex = 0; path = "TareaRutaFinal WatchKit Extension.appex"; sourceTree = BUILT_PRODUCTS_DIR; };
		625F008B1D9B678B00F55965 /* PushNotificationPayload.apns */ = {isa = PBXFileReference; lastKnownFileType = text; path = PushNotificationPayload.apns; sourceTree = "<group>"; };
		625F008C1D9B678B00F55965 /* InterfaceController.swift */ = {isa = PBXFileReference; lastKnownFileType = sourcecode.swift; path = InterfaceController.swift; sourceTree = "<group>"; };
		625F008E1D9B678B00F55965 /* ExtensionDelegate.swift */ = {isa = PBXFileReference; lastKnownFileType = sourcecode.swift; path = ExtensionDelegate.swift; sourceTree = "<group>"; };
		625F00901D9B678B00F55965 /* NotificationController.swift */ = {isa = PBXFileReference; lastKnownFileType = sourcecode.swift; path = NotificationController.swift; sourceTree = "<group>"; };
		625F00921D9B678B00F55965 /* Assets.xcassets */ = {isa = PBXFileReference; lastKnownFileType = folder.assetcatalog; path = Assets.xcassets; sourceTree = "<group>"; };
		625F00941D9B678B00F55965 /* Info.plist */ = {isa = PBXFileReference; lastKnownFileType = text.plist.xml; path = Info.plist; sourceTree = "<group>"; };
		625F00A21D9B72E000F55965 /* QRViewController.swift */ = {isa = PBXFileReference; fileEncoding = 4; lastKnownFileType = sourcecode.swift; path = QRViewController.swift; sourceTree = "<group>"; };
		625F00A41D9B737100F55965 /* RutasViewController.swift */ = {isa = PBXFileReference; fileEncoding = 4; lastKnownFileType = sourcecode.swift; path = RutasViewController.swift; sourceTree = "<group>"; };
		625F00A61D9B783200F55965 /* WebViewController.swift */ = {isa = PBXFileReference; fileEncoding = 4; lastKnownFileType = sourcecode.swift; path = WebViewController.swift; sourceTree = "<group>"; };
		626C594B1DA0AC5E00FABD47 /* MapaViewController.swift */ = {isa = PBXFileReference; fileEncoding = 4; lastKnownFileType = sourcecode.swift; path = MapaViewController.swift; sourceTree = "<group>"; };
		627AB86F1E1211CD006DABEF /* FotoViewController.swift */ = {isa = PBXFileReference; fileEncoding = 4; lastKnownFileType = sourcecode.swift; path = FotoViewController.swift; sourceTree = "<group>"; };
/* End PBXFileReference section */

/* Begin PBXFrameworksBuildPhase section */
		625F00611D9B678A00F55965 /* Frameworks */ = {
			isa = PBXFrameworksBuildPhase;
			buildActionMask = 2147483647;
			files = (
			);
			runOnlyForDeploymentPostprocessing = 0;
		};
		625F00821D9B678B00F55965 /* Frameworks */ = {
			isa = PBXFrameworksBuildPhase;
			buildActionMask = 2147483647;
			files = (
			);
			runOnlyForDeploymentPostprocessing = 0;
		};
/* End PBXFrameworksBuildPhase section */

/* Begin PBXGroup section */
		625F005B1D9B678A00F55965 = {
			isa = PBXGroup;
			children = (
				625F00661D9B678B00F55965 /* TareaRutaFinal */,
				625F007A1D9B678B00F55965 /* TareaRutaFinal WatchKit App */,
				625F00891D9B678B00F55965 /* TareaRutaFinal WatchKit Extension */,
				625F00651D9B678B00F55965 /* Products */,
			);
			sourceTree = "<group>";
		};
		625F00651D9B678B00F55965 /* Products */ = {
			isa = PBXGroup;
			children = (
				625F00641D9B678B00F55965 /* TareaRutaFinal.app */,
				625F00761D9B678B00F55965 /* TareaRutaFinal WatchKit App.app */,
				625F00851D9B678B00F55965 /* TareaRutaFinal WatchKit Extension.appex */,
			);
			name = Products;
			sourceTree = "<group>";
		};
		625F00661D9B678B00F55965 /* TareaRutaFinal */ = {
			isa = PBXGroup;
			children = (
				625F00671D9B678B00F55965 /* AppDelegate.swift */,
				625F00691D9B678B00F55965 /* ViewController.swift */,
				626C594A1DA09BEE00FABD47 /* Mapas */,
				626C59491DA09BDA00FABD47 /* QR Code */,
				625F006B1D9B678B00F55965 /* Main.storyboard */,
				625F006E1D9B678B00F55965 /* Assets.xcassets */,
				625F00701D9B678B00F55965 /* LaunchScreen.storyboard */,
				625F00731D9B678B00F55965 /* Info.plist */,
			);
			path = TareaRutaFinal;
			sourceTree = "<group>";
		};
		625F007A1D9B678B00F55965 /* TareaRutaFinal WatchKit App */ = {
			isa = PBXGroup;
			children = (
				625F007B1D9B678B00F55965 /* Interface.storyboard */,
				625F007E1D9B678B00F55965 /* Assets.xcassets */,
				625F00801D9B678B00F55965 /* Info.plist */,
			);
			path = "TareaRutaFinal WatchKit App";
			sourceTree = "<group>";
		};
		625F00891D9B678B00F55965 /* TareaRutaFinal WatchKit Extension */ = {
			isa = PBXGroup;
			children = (
				625F008C1D9B678B00F55965 /* InterfaceController.swift */,
				625F008E1D9B678B00F55965 /* ExtensionDelegate.swift */,
				625F00901D9B678B00F55965 /* NotificationController.swift */,
				625F00921D9B678B00F55965 /* Assets.xcassets */,
				625F00941D9B678B00F55965 /* Info.plist */,
				625F008A1D9B678B00F55965 /* Supporting Files */,
			);
			path = "TareaRutaFinal WatchKit Extension";
			sourceTree = "<group>";
		};
		625F008A1D9B678B00F55965 /* Supporting Files */ = {
			isa = PBXGroup;
			children = (
				625F008B1D9B678B00F55965 /* PushNotificationPayload.apns */,
			);
			name = "Supporting Files";
			sourceTree = "<group>";
		};
		626C59491DA09BDA00FABD47 /* QR Code */ = {
			isa = PBXGroup;
			children = (
				625F00A21D9B72E000F55965 /* QRViewController.swift */,
				625F00A61D9B783200F55965 /* WebViewController.swift */,
			);
			name = "QR Code";
			sourceTree = "<group>";
		};
		626C594A1DA09BEE00FABD47 /* Mapas */ = {
			isa = PBXGroup;
			children = (
				625F00A41D9B737100F55965 /* RutasViewController.swift */,
				626C594B1DA0AC5E00FABD47 /* MapaViewController.swift */,
				627AB86F1E1211CD006DABEF /* FotoViewController.swift */,
			);
			name = Mapas;
			sourceTree = "<group>";
		};
/* End PBXGroup section */

/* Begin PBXNativeTarget section */
		625F00631D9B678A00F55965 /* TareaRutaFinal */ = {
			isa = PBXNativeTarget;
			buildConfigurationList = 625F009F1D9B678B00F55965 /* Build configuration list for PBXNativeTarget "TareaRutaFinal" */;
			buildPhases = (
				625F00601D9B678A00F55965 /* Sources */,
				625F00611D9B678A00F55965 /* Frameworks */,
				625F00621D9B678A00F55965 /* Resources */,
				625F009E1D9B678B00F55965 /* Embed Watch Content */,
			);
			buildRules = (
			);
			dependencies = (
				625F00791D9B678B00F55965 /* PBXTargetDependency */,
			);
			name = TareaRutaFinal;
			productName = TareaRutaFinal;
			productReference = 625F00641D9B678B00F55965 /* TareaRutaFinal.app */;
			productType = "com.apple.product-type.application";
		};
		625F00751D9B678B00F55965 /* TareaRutaFinal WatchKit App */ = {
			isa = PBXNativeTarget;
			buildConfigurationList = 625F009B1D9B678B00F55965 /* Build configuration list for PBXNativeTarget "TareaRutaFinal WatchKit App" */;
			buildPhases = (
				625F00741D9B678B00F55965 /* Resources */,
				625F009A1D9B678B00F55965 /* Embed App Extensions */,
			);
			buildRules = (
			);
			dependencies = (
				625F00881D9B678B00F55965 /* PBXTargetDependency */,
			);
			name = "TareaRutaFinal WatchKit App";
			productName = "TareaRutaFinal WatchKit App";
			productReference = 625F00761D9B678B00F55965 /* TareaRutaFinal WatchKit App.app */;
			productType = "com.apple.product-type.application.watchapp2";
		};
		625F00841D9B678B00F55965 /* TareaRutaFinal WatchKit Extension */ = {
			isa = PBXNativeTarget;
			buildConfigurationList = 625F00971D9B678B00F55965 /* Build configuration list for PBXNativeTarget "TareaRutaFinal WatchKit Extension" */;
			buildPhases = (
				625F00811D9B678B00F55965 /* Sources */,
				625F00821D9B678B00F55965 /* Frameworks */,
				625F00831D9B678B00F55965 /* Resources */,
			);
			buildRules = (
			);
			dependencies = (
			);
			name = "TareaRutaFinal WatchKit Extension";
			productName = "TareaRutaFinal WatchKit Extension";
			productReference = 625F00851D9B678B00F55965 /* TareaRutaFinal WatchKit Extension.appex */;
			productType = "com.apple.product-type.watchkit2-extension";
		};
/* End PBXNativeTarget section */

/* Begin PBXProject section */
		625F005C1D9B678A00F55965 /* Project object */ = {
			isa = PBXProject;
			attributes = {
				LastSwiftUpdateCheck = 0800;
				LastUpgradeCheck = 0810;
				ORGANIZATIONNAME = AppArt;
				TargetAttributes = {
					625F00631D9B678A00F55965 = {
						CreatedOnToolsVersion = 8.0;
						DevelopmentTeam = 7RX683DJ65;
						ProvisioningStyle = Automatic;
					};
					625F00751D9B678B00F55965 = {
						CreatedOnToolsVersion = 8.0;
						DevelopmentTeam = 7RX683DJ65;
						ProvisioningStyle = Automatic;
					};
					625F00841D9B678B00F55965 = {
						CreatedOnToolsVersion = 8.0;
						DevelopmentTeam = 7RX683DJ65;
						ProvisioningStyle = Automatic;
					};
				};
			};
			buildConfigurationList = 625F005F1D9B678A00F55965 /* Build configuration list for PBXProject "TareaRutaFinal" */;
			compatibilityVersion = "Xcode 3.2";
			developmentRegion = English;
			hasScannedForEncodings = 0;
			knownRegions = (
				en,
				Base,
			);
			mainGroup = 625F005B1D9B678A00F55965;
			productRefGroup = 625F00651D9B678B00F55965 /* Products */;
			projectDirPath = "";
			projectRoot = "";
			targets = (
				625F00631D9B678A00F55965 /* TareaRutaFinal */,
				625F00751D9B678B00F55965 /* TareaRutaFinal WatchKit App */,
				625F00841D9B678B00F55965 /* TareaRutaFinal WatchKit Extension */,
			);
		};
/* End PBXProject section */

/* Begin PBXResourcesBuildPhase section */
		625F00621D9B678A00F55965 /* Resources */ = {
			isa = PBXResourcesBuildPhase;
			buildActionMask = 2147483647;
			files = (
				625F00721D9B678B00F55965 /* LaunchScreen.storyboard in Resources */,
				625F006F1D9B678B00F55965 /* Assets.xcassets in Resources */,
				625F006D1D9B678B00F55965 /* Main.storyboard in Resources */,
			);
			runOnlyForDeploymentPostprocessing = 0;
		};
		625F00741D9B678B00F55965 /* Resources */ = {
			isa = PBXResourcesBuildPhase;
			buildActionMask = 2147483647;
			files = (
				625F007F1D9B678B00F55965 /* Assets.xcassets in Resources */,
				625F007D1D9B678B00F55965 /* Interface.storyboard in Resources */,
			);
			runOnlyForDeploymentPostprocessing = 0;
		};
		625F00831D9B678B00F55965 /* Resources */ = {
			isa = PBXResourcesBuildPhase;
			buildActionMask = 2147483647;
			files = (
				625F00931D9B678B00F55965 /* Assets.xcassets in Resources */,
			);
			runOnlyForDeploymentPostprocessing = 0;
		};
/* End PBXResourcesBuildPhase section */

/* Begin PBXSourcesBuildPhase section */
		625F00601D9B678A00F55965 /* Sources */ = {
			isa = PBXSourcesBuildPhase;
			buildActionMask = 2147483647;
			files = (
				625F006A1D9B678B00F55965 /* ViewController.swift in Sources */,
				627AB8701E1211CD006DABEF /* FotoViewController.swift in Sources */,
				626C594C1DA0AC5E00FABD47 /* MapaViewController.swift in Sources */,
				625F00681D9B678B00F55965 /* AppDelegate.swift in Sources */,
				625F00A51D9B737100F55965 /* RutasViewController.swift in Sources */,
				625F00A71D9B783200F55965 /* WebViewController.swift in Sources */,
				625F00A31D9B72E000F55965 /* QRViewController.swift in Sources */,
			);
			runOnlyForDeploymentPostprocessing = 0;
		};
		625F00811D9B678B00F55965 /* Sources */ = {
			isa = PBXSourcesBuildPhase;
			buildActionMask = 2147483647;
			files = (
				625F00911D9B678B00F55965 /* NotificationController.swift in Sources */,
				625F008F1D9B678B00F55965 /* ExtensionDelegate.swift in Sources */,
				625F008D1D9B678B00F55965 /* InterfaceController.swift in Sources */,
			);
			runOnlyForDeploymentPostprocessing = 0;
		};
/* End PBXSourcesBuildPhase section */

/* Begin PBXTargetDependency section */
		625F00791D9B678B00F55965 /* PBXTargetDependency */ = {
			isa = PBXTargetDependency;
			target = 625F00751D9B678B00F55965 /* TareaRutaFinal WatchKit App */;
			targetProxy = 625F00781D9B678B00F55965 /* PBXContainerItemProxy */;
		};
		625F00881D9B678B00F55965 /* PBXTargetDependency */ = {
			isa = PBXTargetDependency;
			target = 625F00841D9B678B00F55965 /* TareaRutaFinal WatchKit Extension */;
			targetProxy = 625F00871D9B678B00F55965 /* PBXContainerItemProxy */;
		};
/* End PBXTargetDependency section */

/* Begin PBXVariantGroup section */
		625F006B1D9B678B00F55965 /* Main.storyboard */ = {
			isa = PBXVariantGroup;
			children = (
				625F006C1D9B678B00F55965 /* Base */,
			);
			name = Main.storyboard;
			sourceTree = "<group>";
		};
		625F00701D9B678B00F55965 /* LaunchScreen.storyboard */ = {
			isa = PBXVariantGroup;
			children = (
				625F00711D9B678B00F55965 /* Base */,
			);
			name = LaunchScreen.storyboard;
			sourceTree = "<group>";
		};
		625F007B1D9B678B00F55965 /* Interface.storyboard */ = {
			isa = PBXVariantGroup;
			children = (
				625F007C1D9B678B00F55965 /* Base */,
			);
			name = Interface.storyboard;
			sourceTree = "<group>";
		};
/* End PBXVariantGroup section */

/* Begin XCBuildConfiguration section */
		625F00951D9B678B00F55965 /* Debug */ = {
			isa = XCBuildConfiguration;
			buildSettings = {
				ALWAYS_SEARCH_USER_PATHS = NO;
				CLANG_ANALYZER_NONNULL = YES;
				CLANG_CXX_LANGUAGE_STANDARD = "gnu++0x";
				CLANG_CXX_LIBRARY = "libc++";
				CLANG_ENABLE_MODULES = YES;
				CLANG_ENABLE_OBJC_ARC = YES;
				CLANG_WARN_BOOL_CONVERSION = YES;
				CLANG_WARN_CONSTANT_CONVERSION = YES;
				CLANG_WARN_DIRECT_OBJC_ISA_USAGE = YES_ERROR;
				CLANG_WARN_DOCUMENTATION_COMMENTS = YES;
				CLANG_WARN_EMPTY_BODY = YES;
				CLANG_WARN_ENUM_CONVERSION = YES;
				CLANG_WARN_INFINITE_RECURSION = YES;
				CLANG_WARN_INT_CONVERSION = YES;
				CLANG_WARN_OBJC_ROOT_CLASS = YES_ERROR;
				CLANG_WARN_SUSPICIOUS_MOVE = YES;
				CLANG_WARN_SUSPICIOUS_MOVES = YES;
				CLANG_WARN_UNREACHABLE_CODE = YES;
				CLANG_WARN__DUPLICATE_METHOD_MATCH = YES;
				"CODE_SIGN_IDENTITY[sdk=iphoneos*]" = "iPhone Developer";
				COPY_PHASE_STRIP = NO;
				DEBUG_INFORMATION_FORMAT = dwarf;
				ENABLE_STRICT_OBJC_MSGSEND = YES;
				ENABLE_TESTABILITY = YES;
				GCC_C_LANGUAGE_STANDARD = gnu99;
				GCC_DYNAMIC_NO_PIC = NO;
				GCC_NO_COMMON_BLOCKS = YES;
				GCC_OPTIMIZATION_LEVEL = 0;
				GCC_PREPROCESSOR_DEFINITIONS = (
					"DEBUG=1",
					"$(inherited)",
				);
				GCC_WARN_64_TO_32_BIT_CONVERSION = YES;
				GCC_WARN_ABOUT_RETURN_TYPE = YES_ERROR;
				GCC_WARN_UNDECLARED_SELECTOR = YES;
				GCC_WARN_UNINITIALIZED_AUTOS = YES_AGGRESSIVE;
				GCC_WARN_UNUSED_FUNCTION = YES;
				GCC_WARN_UNUSED_VARIABLE = YES;
				IPHONEOS_DEPLOYMENT_TARGET = 10.0;
				MTL_ENABLE_DEBUG_INFO = YES;
				ONLY_ACTIVE_ARCH = YES;
				SDKROOT = iphoneos;
				SWIFT_ACTIVE_COMPILATION_CONDITIONS = DEBUG;
				SWIFT_OPTIMIZATION_LEVEL = "-Onone";
			};
			name = Debug;
		};
		625F00961D9B678B00F55965 /* Release */ = {
			isa = XCBuildConfiguration;
			buildSettings = {
				ALWAYS_SEARCH_USER_PATHS = NO;
				CLANG_ANALYZER_NONNULL = YES;
				CLANG_CXX_LANGUAGE_STANDARD = "gnu++0x";
				CLANG_CXX_LIBRARY = "libc++";
				CLANG_ENABLE_MODULES = YES;
				CLANG_ENABLE_OBJC_ARC = YES;
				CLANG_WARN_BOOL_CONVERSION = YES;
				CLANG_WARN_CONSTANT_CONVERSION = YES;
				CLANG_WARN_DIRECT_OBJC_ISA_USAGE = YES_ERROR;
				CLANG_WARN_DOCUMENTATION_COMMENTS = YES;
				CLANG_WARN_EMPTY_BODY = YES;
				CLANG_WARN_ENUM_CONVERSION = YES;
				CLANG_WARN_INFINITE_RECURSION = YES;
				CLANG_WARN_INT_CONVERSION = YES;
				CLANG_WARN_OBJC_ROOT_CLASS = YES_ERROR;
				CLANG_WARN_SUSPICIOUS_MOVE = YES;
				CLANG_WARN_SUSPICIOUS_MOVES = YES;
				CLANG_WARN_UNREACHABLE_CODE = YES;
				CLANG_WARN__DUPLICATE_METHOD_MATCH = YES;
				"CODE_SIGN_IDENTITY[sdk=iphoneos*]" = "iPhone Developer";
				COPY_PHASE_STRIP = NO;
				DEBUG_INFORMATION_FORMAT = "dwarf-with-dsym";
				ENABLE_NS_ASSERTIONS = NO;
				ENABLE_STRICT_OBJC_MSGSEND = YES;
				GCC_C_LANGUAGE_STANDARD = gnu99;
				GCC_NO_COMMON_BLOCKS = YES;
				GCC_WARN_64_TO_32_BIT_CONVERSION = YES;
				GCC_WARN_ABOUT_RETURN_TYPE = YES_ERROR;
				GCC_WARN_UNDECLARED_SELECTOR = YES;
				GCC_WARN_UNINITIALIZED_AUTOS = YES_AGGRESSIVE;
				GCC_WARN_UNUSED_FUNCTION = YES;
				GCC_WARN_UNUSED_VARIABLE = YES;
				IPHONEOS_DEPLOYMENT_TARGET = 10.0;
				MTL_ENABLE_DEBUG_INFO = NO;
				SDKROOT = iphoneos;
				SWIFT_OPTIMIZATION_LEVEL = "-Owholemodule";
				VALIDATE_PRODUCT = YES;
			};
			name = Release;
		};
		625F00981D9B678B00F55965 /* Debug */ = {
			isa = XCBuildConfiguration;
			buildSettings = {
				ASSETCATALOG_COMPILER_COMPLICATION_NAME = Complication;
				DEVELOPMENT_TEAM = 7RX683DJ65;
				INFOPLIST_FILE = "TareaRutaFinal WatchKit Extension/Info.plist";
				LD_RUNPATH_SEARCH_PATHS = "$(inherited) @executable_path/Frameworks @executable_path/../../Frameworks";
				PRODUCT_BUNDLE_IDENTIFIER = cl.appart.TareaRutaFinal.watchkitapp.watchkitextension;
				PRODUCT_NAME = "${TARGET_NAME}";
				SDKROOT = watchos;
				SKIP_INSTALL = YES;
				SWIFT_VERSION = 3.0;
				TARGETED_DEVICE_FAMILY = 4;
				WATCHOS_DEPLOYMENT_TARGET = 3.0;
			};
			name = Debug;
		};
		625F00991D9B678B00F55965 /* Release */ = {
			isa = XCBuildConfiguration;
			buildSettings = {
				ASSETCATALOG_COMPILER_COMPLICATION_NAME = Complication;
				DEVELOPMENT_TEAM = 7RX683DJ65;
				INFOPLIST_FILE = "TareaRutaFinal WatchKit Extension/Info.plist";
				LD_RUNPATH_SEARCH_PATHS = "$(inherited) @executable_path/Frameworks @executable_path/../../Frameworks";
				PRODUCT_BUNDLE_IDENTIFIER = cl.appart.TareaRutaFinal.watchkitapp.watchkitextension;
				PRODUCT_NAME = "${TARGET_NAME}";
				SDKROOT = watchos;
				SKIP_INSTALL = YES;
				SWIFT_VERSION = 3.0;
				TARGETED_DEVICE_FAMILY = 4;
				WATCHOS_DEPLOYMENT_TARGET = 3.0;
			};
			name = Release;
		};
		625F009C1D9B678B00F55965 /* Debug */ = {
			isa = XCBuildConfiguration;
			buildSettings = {
				ALWAYS_EMBED_SWIFT_STANDARD_LIBRARIES = YES;
				ASSETCATALOG_COMPILER_APPICON_NAME = AppIcon;
				DEVELOPMENT_TEAM = 7RX683DJ65;
				IBSC_MODULE = TareaRutaFinal_WatchKit_Extension;
				INFOPLIST_FILE = "TareaRutaFinal WatchKit App/Info.plist";
				PRODUCT_BUNDLE_IDENTIFIER = cl.appart.TareaRutaFinal.watchkitapp;
				PRODUCT_NAME = "$(TARGET_NAME)";
				SDKROOT = watchos;
				SKIP_INSTALL = YES;
				SWIFT_VERSION = 3.0;
				TARGETED_DEVICE_FAMILY = 4;
				WATCHOS_DEPLOYMENT_TARGET = 3.0;
			};
			name = Debug;
		};
		625F009D1D9B678B00F55965 /* Release */ = {
			isa = XCBuildConfiguration;
			buildSettings = {
				ALWAYS_EMBED_SWIFT_STANDARD_LIBRARIES = YES;
				ASSETCATALOG_COMPILER_APPICON_NAME = AppIcon;
				DEVELOPMENT_TEAM = 7RX683DJ65;
				IBSC_MODULE = TareaRutaFinal_WatchKit_Extension;
				INFOPLIST_FILE = "TareaRutaFinal WatchKit App/Info.plist";
				PRODUCT_BUNDLE_IDENTIFIER = cl.appart.TareaRutaFinal.watchkitapp;
				PRODUCT_NAME = "$(TARGET_NAME)";
				SDKROOT = watchos;
				SKIP_INSTALL = YES;
				SWIFT_VERSION = 3.0;
				TARGETED_DEVICE_FAMILY = 4;
				WATCHOS_DEPLOYMENT_TARGET = 3.0;
			};
			name = Release;
		};
		625F00A01D9B678B00F55965 /* Debug */ = {
			isa = XCBuildConfiguration;
			buildSettings = {
				ASSETCATALOG_COMPILER_APPICON_NAME = AppIcon;
				DEVELOPMENT_TEAM = 7RX683DJ65;
				INFOPLIST_FILE = TareaRutaFinal/Info.plist;
				LD_RUNPATH_SEARCH_PATHS = "$(inherited) @executable_path/Frameworks";
				PRODUCT_BUNDLE_IDENTIFIER = cl.appart.TareaRutaFinal;
				PRODUCT_NAME = "$(TARGET_NAME)";
				SWIFT_VERSION = 3.0;
			};
			name = Debug;
		};
		625F00A11D9B678B00F55965 /* Release */ = {
			isa = XCBuildConfiguration;
			buildSettings = {
				ASSETCATALOG_COMPILER_APPICON_NAME = AppIcon;
				DEVELOPMENT_TEAM = 7RX683DJ65;
				INFOPLIST_FILE = TareaRutaFinal/Info.plist;
				LD_RUNPATH_SEARCH_PATHS = "$(inherited) @executable_path/Frameworks";
				PRODUCT_BUNDLE_IDENTIFIER = cl.appart.TareaRutaFinal;
				PRODUCT_NAME = "$(TARGET_NAME)";
				SWIFT_VERSION = 3.0;
			};
			name = Release;
		};
/* End XCBuildConfiguration section */

/* Begin XCConfigurationList section */
		625F005F1D9B678A00F55965 /* Build configuration list for PBXProject "TareaRutaFinal" */ = {
			isa = XCConfigurationList;
			buildConfigurations = (
				625F00951D9B678B00F55965 /* Debug */,
				625F00961D9B678B00F55965 /* Release */,
			);
			defaultConfigurationIsVisible = 0;
			defaultConfigurationName = Release;
		};
		625F00971D9B678B00F55965 /* Build configuration list for PBXNativeTarget "TareaRutaFinal WatchKit Extension" */ = {
			isa = XCConfigurationList;
			buildConfigurations = (
				625F00981D9B678B00F55965 /* Debug */,
				625F00991D9B678B00F55965 /* Release */,
			);
			defaultConfigurationIsVisible = 0;
			defaultConfigurationName = Release;
		};
		625F009B1D9B678B00F55965 /* Build configuration list for PBXNativeTarget "TareaRutaFinal WatchKit App" */ = {
			isa = XCConfigurationList;
			buildConfigurations = (
				625F009C1D9B678B00F55965 /* Debug */,
				625F009D1D9B678B00F55965 /* Release */,
			);
			defaultConfigurationIsVisible = 0;
			defaultConfigurationName = Release;
		};
		625F009F1D9B678B00F55965 /* Build configuration list for PBXNativeTarget "TareaRutaFinal" */ = {
			isa = XCConfigurationList;
			buildConfigurations = (
				625F00A01D9B678B00F55965 /* Debug */,
				625F00A11D9B678B00F55965 /* Release */,
			);
			defaultConfigurationIsVisible = 0;
			defaultConfigurationName = Release;
		};
/* End XCConfigurationList section */
	};
	rootObject = 625F005C1D9B678A00F55965 /* Project object */;
}
